PackratFormat: 1.3
PackratVersion: 0.3.0
RVersion: 3.0.3
Repos: CRAN=http://cran.rstudio.com,
    CRANextra=http://www.stats.ox.ac.uk/pub/RWin,
    BioCsoft=http://bioconductor.org/packages/2.12/bioc,
    BioCann=http://bioconductor.org/packages/2.12/data/annotation,
    BioCexp=http://bioconductor.org/packages/2.12/data/experiment,
    BioCextra=http://bioconductor.org/packages/2.12/extra

Package: bcp
Source: CRAN
Version: 3.0.1
Requires: foreach, iterators, Rcpp

Package: BEST
Source: CRAN
Version: 0.2.2
Requires: coda, rjags

Package: bitops
Source: CRAN
Version: 1.0-6

Package: caTools
Source: CRAN
Version: 1.17
Requires: bitops

Package: coda
Source: CRAN
Version: 0.16-1

Package: colorspace
Source: CRAN
Version: 1.2-4

Package: devtools
Source: CRAN
Version: 1.5
Requires: digest, evaluate, httr, memoise, RCurl, whisker

Package: dichromat
Source: CRAN
Version: 2.0-0

Package: digest
Source: CRAN
Version: 0.6.4

Package: evaluate
Source: CRAN
Version: 0.5.5
Requires: stringr

Package: foreach
Source: CRAN
Version: 1.4.2
Requires: iterators

Package: formatR
Source: CRAN
Version: 0.10

Package: ggplot2
Source: CRAN
Version: 1.0.0
Requires: digest, gtable, plyr, proto, reshape2, scales

Package: gridExtra
Source: CRAN
Version: 0.9.1

Package: gtable
Source: CRAN
Version: 0.1.2

Package: highr
Source: CRAN
Version: 0.3

Package: htmltools
Source: CRAN
Version: 0.2.4
Requires: digest

Package: httpuv
Source: CRAN
Version: 1.3.0
Requires: Rcpp

Package: httr
Source: CRAN
Version: 0.3
Requires: digest, RCurl, stringr

Package: iterators
Source: CRAN
Version: 1.0.7

Package: knitr
Source: CRAN
Version: 1.6
Requires: digest, evaluate, formatR, highr, markdown, stringr

Package: labeling
Source: CRAN
Version: 0.2

Package: markdown
Source: CRAN
Version: 0.7
Requires: mime

Package: MCMCpack
Source: CRAN
Version: 1.3-3
Requires: coda

Package: memoise
Source: CRAN
Version: 0.2.1
Requires: digest

Package: mime
Source: CRAN
Version: 0.1.1

Package: munsell
Source: CRAN
Version: 0.4.2
Requires: colorspace

Package: packrat
Source: github
Version: 0.3.0
GithubRepo: packrat
GithubUsername: rstudio
GithubRef: master
GithubSha1: b0a29a54666e03b0b619595be29cd2fb26a59b20

Package: plyr
Source: CRAN
Version: 1.8.1
Requires: Rcpp

Package: proto
Source: CRAN
Version: 0.3-10

Package: RColorBrewer
Source: CRAN
Version: 1.0-5

Package: Rcpp
Source: CRAN
Version: 0.11.2

Package: RCurl
Source: CRAN
Version: 1.95-4.1
Requires: bitops

Package: reshape2
Source: github
Version: 1.4.0.99
Requires: plyr, Rcpp, stringr
GithubRepo: reshape
GithubUsername: hadley
GithubRef: master
GithubSha1: 379036a77fca3343a6c7392a63277ba6249500d7

Package: rjags
Source: CRAN
Version: 3-13
Requires: coda

Package: RJSONIO
Source: CRAN
Version: 1.2-0.2

Package: rmarkdown
Source: github
Version: 0.2.49
Requires: htmltools, knitr, yaml
GithubRepo: rmarkdown
GithubUsername: rstudio
GithubRef: master
GithubSha1: 047a80058bb4ef0b142196013d1c4dd8870d4dd9

Package: scales
Source: CRAN
Version: 0.2.4
Requires: dichromat, labeling, munsell, plyr, RColorBrewer

Package: shiny
Source: CRAN
Version: 0.10.0
Requires: caTools, digest, htmltools, httpuv, RJSONIO, xtable

Package: stringr
Source: CRAN
Version: 0.6.2

Package: testthat
Source: CRAN
Version: 0.8.1
Requires: digest

Package: whisker
Source: CRAN
Version: 0.3-2

Package: xtable
Source: CRAN
Version: 1.7-3

Package: yaml
Source: CRAN
Version: 2.1.13
